// !$*UTF8*$!
{
	archiveVersion = 1;
	classes = {
	};
	objectVersion = 46;
	objects = {

/* Begin PBXBuildFile section */
		040264E61EC1851800DF3C59 /* AppDelegate.swift in Sources */ = {isa = PBXBuildFile; fileRef = 040264E51EC1851800DF3C59 /* AppDelegate.swift */; };
		040264E81EC1851800DF3C59 /* ViewController.swift in Sources */ = {isa = PBXBuildFile; fileRef = 040264E71EC1851800DF3C59 /* ViewController.swift */; };
		040264EB1EC1851800DF3C59 /* Main.storyboard in Resources */ = {isa = PBXBuildFile; fileRef = 040264E91EC1851800DF3C59 /* Main.storyboard */; };
		040264EE1EC1851800DF3C59 /* UIStepper___.xcdatamodeld in Sources */ = {isa = PBXBuildFile; fileRef = 040264EC1EC1851800DF3C59 /* UIStepper___.xcdatamodeld */; };
		040264F01EC1851800DF3C59 /* Assets.xcassets in Resources */ = {isa = PBXBuildFile; fileRef = 040264EF1EC1851800DF3C59 /* Assets.xcassets */; };
		040264F31EC1851800DF3C59 /* LaunchScreen.storyboard in Resources */ = {isa = PBXBuildFile; fileRef = 040264F11EC1851800DF3C59 /* LaunchScreen.storyboard */; };
/* End PBXBuildFile section */

/* Begin PBXFileReference section */
		040264E21EC1851800DF3C59 /* UIStepper进步器.app */ = {isa = PBXFileReference; explicitFileType = wrapper.application; includeInIndex = 0; path = "UIStepper进步器.app"; sourceTree = BUILT_PRODUCTS_DIR; };
		040264E51EC1851800DF3C59 /* AppDelegate.swift */ = {isa = PBXFileReference; lastKnownFileType = sourcecode.swift; path = AppDelegate.swift; sourceTree = "<group>"; };
		040264E71EC1851800DF3C59 /* ViewController.swift */ = {isa = PBXFileReference; lastKnownFileType = sourcecode.swift; path = ViewController.swift; sourceTree = "<group>"; };
		040264EA1EC1851800DF3C59 /* Base */ = {isa = PBXFileReference; lastKnownFileType = file.storyboard; name = Base; path = Base.lproj/Main.storyboard; sourceTree = "<group>"; };
		040264ED1EC1851800DF3C59 /* UIStepper___.xcdatamodel */ = {isa = PBXFileReference; lastKnownFileType = wrapper.xcdatamodel; path = "UIStepper___.xcdatamodel"; sourceTree = "<group>"; };
		040264EF1EC1851800DF3C59 /* Assets.xcassets */ = {isa = PBXFileReference; lastKnownFileType = folder.assetcatalog; path = Assets.xcassets; sourceTree = "<group>"; };
		040264F21EC1851800DF3C59 /* Base */ = {isa = PBXFileReference; lastKnownFileType = file.storyboard; name = Base; path = Base.lproj/LaunchScreen.storyboard; sourceTree = "<group>"; };
		040264F41EC1851800DF3C59 /* Info.plist */ = {isa = PBXFileReference; lastKnownFileType = text.plist.xml; path = Info.plist; sourceTree = "<group>"; };
/* End PBXFileReference section */

/* Begin PBXFrameworksBuildPhase section */
		040264DF1EC1851800DF3C59 /* Frameworks */ = {
			isa = PBXFrameworksBuildPhase;
			buildActionMask = 2147483647;
			files = (
			);
			runOnlyForDeploymentPostprocessing = 0;
		};
/* End PBXFrameworksBuildPhase section */

/* Begin PBXGroup section */
		040264D91EC1851800DF3C59 = {
			isa = PBXGroup;
			children = (
				040264E41EC1851800DF3C59 /* UIStepper进步器 */,
				040264E31EC1851800DF3C59 /* Products */,
			);
			sourceTree = "<group>";
		};
		040264E31EC1851800DF3C59 /* Products */ = {
			isa = PBXGroup;
			children = (
				040264E21EC1851800DF3C59 /* UIStepper进步器.app */,
			);
			name = Products;
			sourceTree = "<group>";
		};
		040264E41EC1851800DF3C59 /* UIStepper进步器 */ = {
			isa = PBXGroup;
			children = (
				040264E51EC1851800DF3C59 /* AppDelegate.swift */,
				040264E71EC1851800DF3C59 /* ViewController.swift */,
				040264E91EC1851800DF3C59 /* Main.storyboard */,
				040264EF1EC1851800DF3C59 /* Assets.xcassets */,
				040264F11EC1851800DF3C59 /* LaunchScreen.storyboard */,
				040264F41EC1851800DF3C59 /* Info.plist */,
				040264EC1EC1851800DF3C59 /* UIStepper___.xcdatamodeld */,
			);
			path = "UIStepper进步器";
			sourceTree = "<group>";
		};
/* End PBXGroup section */

/* Begin PBXNativeTarget section */
		040264E11EC1851800DF3C59 /* UIStepper进步器 */ = {
			isa = PBXNativeTarget;
			buildConfigurationList = 040264F71EC1851800DF3C59 /* Build configuration list for PBXNativeTarget "UIStepper进步器" */;
			buildPhases = (
				040264DE1EC1851800DF3C59 /* Sources */,
				040264DF1EC1851800DF3C59 /* Frameworks */,
				040264E01EC1851800DF3C59 /* Resources */,
			);
			buildRules = (
			);
			dependencies = (
			);
			name = "UIStepper进步器";
			productName = "UIStepper进步器";
			productReference = 040264E21EC1851800DF3C59 /* UIStepper进步器.app */;
			productType = "com.apple.product-type.application";
		};
/* End PBXNativeTarget section */

/* Begin PBXProject section */
		040264DA1EC1851800DF3C59 /* Project object */ = {
			isa = PBXProject;
			attributes = {
				LastSwiftUpdateCheck = 0830;
				LastUpgradeCheck = 0830;
				ORGANIZATIONNAME = mac;
				TargetAttributes = {
					040264E11EC1851800DF3C59 = {
						CreatedOnToolsVersion = 8.3;
						ProvisioningStyle = Automatic;
					};
				};
			};
			buildConfigurationList = 040264DD1EC1851800DF3C59 /* Build configuration list for PBXProject "UIStepper进步器" */;
			compatibilityVersion = "Xcode 3.2";
			developmentRegion = English;
			hasScannedForEncodings = 0;
			knownRegions = (
				en,
				Base,
			);
			mainGroup = 040264D91EC1851800DF3C59;
			productRefGroup = 040264E31EC1851800DF3C59 /* Products */;
			projectDirPath = "";
			projectRoot = "";
			targets = (
				040264E11EC1851800DF3C59 /* UIStepper进步器 */,
			);
		};
/* End PBXProject section */

/* Begin PBXResourcesBuildPhase section */
		040264E01EC1851800DF3C59 /* Resources */ = {
			isa = PBXResourcesBuildPhase;
			buildActionMask = 2147483647;
			files = (
				040264F31EC1851800DF3C59 /* LaunchScreen.storyboard in Resources */,
				040264F01EC1851800DF3C59 /* Assets.xcassets in Resources */,
				040264EB1EC1851800DF3C59 /* Main.storyboard in Resources */,
			);
			runOnlyForDeploymentPostprocessing = 0;
		};
/* End PBXResourcesBuildPhase section */

/* Begin PBXSourcesBuildPhase section */
		040264DE1EC1851800DF3C59 /* Sources */ = {
			isa = PBXSourcesBuildPhase;
			buildActionMask = 2147483647;
			files = (
				040264E81EC1851800DF3C59 /* ViewController.swift in Sources */,
				040264E61EC1851800DF3C59 /* AppDelegate.swift in Sources */,
				040264EE1EC1851800DF3C59 /* UIStepper___.xcdatamodeld in Sources */,
			);
			runOnlyForDeploymentPostprocessing = 0;
		};
/* End PBXSourcesBuildPhase section */

/* Begin PBXVariantGroup section */
		040264E91EC1851800DF3C59 /* Main.storyboard */ = {
			isa = PBXVariantGroup;
			children = (
				040264EA1EC1851800DF3C59 /* Base */,
			);
			name = Main.storyboard;
			sourceTree = "<group>";
		};
		040264F11EC1851800DF3C59 /* LaunchScreen.storyboard */ = {
			isa = PBXVariantGroup;
			children = (
				040264F21EC1851800DF3C59 /* Base */,
			);
			name = LaunchScreen.storyboard;
			sourceTree = "<group>";
		};
/* End PBXVariantGroup section */

/* Begin XCBuildConfiguration section */
		040264F51EC1851800DF3C59 /* Debug */ = {
			isa = XCBuildConfiguration;
			buildSettings = {
				ALWAYS_SEARCH_USER_PATHS = NO;
				CLANG_ANALYZER_NONNULL = YES;
				CLANG_ANALYZER_NUMBER_OBJECT_CONVERSION = YES_AGGRESSIVE;
				CLANG_CXX_LANGUAGE_STANDARD = "gnu++0x";
				CLANG_CXX_LIBRARY = "libc++";
				CLANG_ENABLE_MODULES = YES;
				CLANG_ENABLE_OBJC_ARC = YES;
				CLANG_WARN_BOOL_CONVERSION = YES;
				CLANG_WARN_CONSTANT_CONVERSION = YES;
				CLANG_WARN_DIRECT_OBJC_ISA_USAGE = YES_ERROR;
				CLANG_WARN_DOCUMENTATION_COMMENTS = YES;
				CLANG_WARN_EMPTY_BODY = YES;
				CLANG_WARN_ENUM_CONVERSION = YES;
				CLANG_WARN_INFINITE_RECURSION = YES;
				CLANG_WARN_INT_CONVERSION = YES;
				CLANG_WARN_OBJC_ROOT_CLASS = YES_ERROR;
				CLANG_WARN_SUSPICIOUS_MOVE = YES;
				CLANG_WARN_UNREACHABLE_CODE = YES;
				CLANG_WARN__DUPLICATE_METHOD_MATCH = YES;
				"CODE_SIGN_IDENTITY[sdk=iphoneos*]" = "iPhone Developer";
				COPY_PHASE_STRIP = NO;
				DEBUG_INFORMATION_FORMAT = dwarf;
				ENABLE_STRICT_OBJC_MSGSEND = YES;
				ENABLE_TESTABILITY = YES;
				GCC_C_LANGUAGE_STANDARD = gnu99;
				GCC_DYNAMIC_NO_PIC = NO;
				GCC_NO_COMMON_BLOCKS = YES;
				GCC_OPTIMIZATION_LEVEL = 0;
				GCC_PREPROCESSOR_DEFINITIONS = (
					"DEBUG=1",
					"$(inherited)",
				);
				GCC_WARN_64_TO_32_BIT_CONVERSION = YES;
				GCC_WARN_ABOUT_RETURN_TYPE = YES_ERROR;
				GCC_WARN_UNDECLARED_SELECTOR = YES;
				GCC_WARN_UNINITIALIZED_AUTOS = YES_AGGRESSIVE;
				GCC_WARN_UNUSED_FUNCTION = YES;
				GCC_WARN_UNUSED_VARIABLE = YES;
				IPHONEOS_DEPLOYMENT_TARGET = 10.3;
				MTL_ENABLE_DEBUG_INFO = YES;
				ONLY_ACTIVE_ARCH = YES;
				SDKROOT = iphoneos;
				SWIFT_ACTIVE_COMPILATION_CONDITIONS = DEBUG;
				SWIFT_OPTIMIZATION_LEVEL = "-Onone";
				TARGETED_DEVICE_FAMILY = "1,2";
			};
			name = Debug;
		};
		040264F61EC1851800DF3C59 /* Release */ = {
			isa = XCBuildConfiguration;
			buildSettings = {
				ALWAYS_SEARCH_USER_PATHS = NO;
				CLANG_ANALYZER_NONNULL = YES;
				CLANG_ANALYZER_NUMBER_OBJECT_CONVERSION = YES_AGGRESSIVE;
				CLANG_CXX_LANGUAGE_STANDARD = "gnu++0x";
				CLANG_CXX_LIBRARY = "libc++";
				CLANG_ENABLE_MODULES = YES;
				CLANG_ENABLE_OBJC_ARC = YES;
				CLANG_WARN_BOOL_CONVERSION = YES;
				CLANG_WARN_CONSTANT_CONVERSION = YES;
				CLANG_WARN_DIRECT_OBJC_ISA_USAGE = YES_ERROR;
				CLANG_WARN_DOCUMENTATION_COMMENTS = YES;
				CLANG_WARN_EMPTY_BODY = YES;
				CLANG_WARN_ENUM_CONVERSION = YES;
				CLANG_WARN_INFINITE_RECURSION = YES;
				CLANG_WARN_INT_CONVERSION = YES;
				CLANG_WARN_OBJC_ROOT_CLASS = YES_ERROR;
				CLANG_WARN_SUSPICIOUS_MOVE = YES;
				CLANG_WARN_UNREACHABLE_CODE = YES;
				CLANG_WARN__DUPLICATE_METHOD_MATCH = YES;
				"CODE_SIGN_IDENTITY[sdk=iphoneos*]" = "iPhone Developer";
				COPY_PHASE_STRIP = NO;
				DEBUG_INFORMATION_FORMAT = "dwarf-with-dsym";
				ENABLE_NS_ASSERTIONS = NO;
				ENABLE_STRICT_OBJC_MSGSEND = YES;
				GCC_C_LANGUAGE_STANDARD = gnu99;
				GCC_NO_COMMON_BLOCKS = YES;
				GCC_WARN_64_TO_32_BIT_CONVERSION = YES;
				GCC_WARN_ABOUT_RETURN_TYPE = YES_ERROR;
				GCC_WARN_UNDECLARED_SELECTOR = YES;
				GCC_WARN_UNINITIALIZED_AUTOS = YES_AGGRESSIVE;
				GCC_WARN_UNUSED_FUNCTION = YES;
				GCC_WARN_UNUSED_VARIABLE = YES;
				IPHONEOS_DEPLOYMENT_TARGET = 10.3;
				MTL_ENABLE_DEBUG_INFO = NO;
				SDKROOT = iphoneos;
				SWIFT_OPTIMIZATION_LEVEL = "-Owholemodule";
				TARGETED_DEVICE_FAMILY = "1,2";
				VALIDATE_PRODUCT = YES;
			};
			name = Release;
		};
		040264F81EC1851800DF3C59 /* Debug */ = {
			isa = XCBuildConfiguration;
			buildSettings = {
				ASSETCATALOG_COMPILER_APPICON_NAME = AppIcon;
				INFOPLIST_FILE = "UIStepper进步器/Info.plist";
				LD_RUNPATH_SEARCH_PATHS = "$(inherited) @executable_path/Frameworks";
				PRODUCT_BUNDLE_IDENTIFIER = "dd.UIStepper---";
				PRODUCT_NAME = "$(TARGET_NAME)";
				SWIFT_VERSION = 3.0;
			};
			name = Debug;
		};
		040264F91EC1851800DF3C59 /* Release */ = {
			isa = XCBuildConfiguration;
			buildSettings = {
				ASSETCATALOG_COMPILER_APPICON_NAME = AppIcon;
				INFOPLIST_FILE = "UIStepper进步器/Info.plist";
				LD_RUNPATH_SEARCH_PATHS = "$(inherited) @executable_path/Frameworks";
				PRODUCT_BUNDLE_IDENTIFIER = "dd.UIStepper---";
				PRODUCT_NAME = "$(TARGET_NAME)";
				SWIFT_VERSION = 3.0;
			};
			name = Release;
		};
/* End XCBuildConfiguration section */

/* Begin XCConfigurationList section */
		040264DD1EC1851800DF3C59 /* Build configuration list for PBXProject "UIStepper进步器" */ = {
			isa = XCConfigurationList;
			buildConfigurations = (
				040264F51EC1851800DF3C59 /* Debug */,
				040264F61EC1851800DF3C59 /* Release */,
			);
			defaultConfigurationIsVisible = 0;
			defaultConfigurationName = Release;
		};
		040264F71EC1851800DF3C59 /* Build configuration list for PBXNativeTarget "UIStepper进步器" */ = {
			isa = XCConfigurationList;
			buildConfigurations = (
				040264F81EC1851800DF3C59 /* Debug */,
				040264F91EC1851800DF3C59 /* Release */,
			);
			defaultConfigurationIsVisible = 0;
		};
/* End XCConfigurationList section */

/* Begin XCVersionGroup section */
		040264EC1EC1851800DF3C59 /* UIStepper___.xcdatamodeld */ = {
			isa = XCVersionGroup;
			children = (
				040264ED1EC1851800DF3C59 /* UIStepper___.xcdatamodel */,
			);
			currentVersion = 040264ED1EC1851800DF3C59 /* UIStepper___.xcdatamodel */;
			path = "UIStepper___.xcdatamodeld";
			sourceTree = "<group>";
			versionGroupType = wrapper.xcdatamodel;
		};
/* End XCVersionGroup section */
	};
	rootObject = 040264DA1EC1851800DF3C59 /* Project object */;
}
