// !$*UTF8*$!
{
	archiveVersion = 1;
	classes = {
	};
	objectVersion = 46;
	objects = {

/* Begin PBXBuildFile section */
		D3A9C9301F18494D0010BCF4 /* AppDelegate.swift in Sources */ = {isa = PBXBuildFile; fileRef = D3A9C92F1F18494D0010BCF4 /* AppDelegate.swift */; };
		D3A9C9321F18494D0010BCF4 /* ViewController.swift in Sources */ = {isa = PBXBuildFile; fileRef = D3A9C9311F18494D0010BCF4 /* ViewController.swift */; };
		D3A9C9351F18494D0010BCF4 /* Main.storyboard in Resources */ = {isa = PBXBuildFile; fileRef = D3A9C9331F18494D0010BCF4 /* Main.storyboard */; };
		D3A9C93A1F18494D0010BCF4 /* Assets.xcassets in Resources */ = {isa = PBXBuildFile; fileRef = D3A9C9391F18494D0010BCF4 /* Assets.xcassets */; };
		D3A9C93D1F18494D0010BCF4 /* LaunchScreen.storyboard in Resources */ = {isa = PBXBuildFile; fileRef = D3A9C93B1F18494D0010BCF4 /* LaunchScreen.storyboard */; };
		D3A9C9481F18494D0010BCF4 /* _3__coredata_______Tests.swift in Sources */ = {isa = PBXBuildFile; fileRef = D3A9C9471F18494D0010BCF4 /* _3__coredata_______Tests.swift */; };
		D3A9C9531F18494D0010BCF4 /* _3__coredata_______UITests.swift in Sources */ = {isa = PBXBuildFile; fileRef = D3A9C9521F18494D0010BCF4 /* _3__coredata_______UITests.swift */; };
		D3A9C9701F1854270010BCF4 /* Person.xcdatamodeld in Sources */ = {isa = PBXBuildFile; fileRef = D3A9C96E1F1854270010BCF4 /* Person.xcdatamodeld */; };
		D3A9C9731F1857C10010BCF4 /* User+CoreDataClass.swift in Sources */ = {isa = PBXBuildFile; fileRef = D3A9C9711F1857C10010BCF4 /* User+CoreDataClass.swift */; };
		D3A9C9741F1857C10010BCF4 /* User+CoreDataProperties.swift in Sources */ = {isa = PBXBuildFile; fileRef = D3A9C9721F1857C10010BCF4 /* User+CoreDataProperties.swift */; };
/* End PBXBuildFile section */

/* Begin PBXContainerItemProxy section */
		D3A9C9441F18494D0010BCF4 /* PBXContainerItemProxy */ = {
			isa = PBXContainerItemProxy;
			containerPortal = D3A9C9241F18494C0010BCF4 /* Project object */;
			proxyType = 1;
			remoteGlobalIDString = D3A9C92B1F18494D0010BCF4;
			remoteInfo = "03使用coredata进行数据持久化";
		};
		D3A9C94F1F18494D0010BCF4 /* PBXContainerItemProxy */ = {
			isa = PBXContainerItemProxy;
			containerPortal = D3A9C9241F18494C0010BCF4 /* Project object */;
			proxyType = 1;
			remoteGlobalIDString = D3A9C92B1F18494D0010BCF4;
			remoteInfo = "03使用coredata进行数据持久化";
		};
/* End PBXContainerItemProxy section */

/* Begin PBXFileReference section */
		D3A9C92C1F18494D0010BCF4 /* 03使用coredata进行数据持久化.app */ = {isa = PBXFileReference; explicitFileType = wrapper.application; includeInIndex = 0; path = "03使用coredata进行数据持久化.app"; sourceTree = BUILT_PRODUCTS_DIR; };
		D3A9C92F1F18494D0010BCF4 /* AppDelegate.swift */ = {isa = PBXFileReference; lastKnownFileType = sourcecode.swift; path = AppDelegate.swift; sourceTree = "<group>"; };
		D3A9C9311F18494D0010BCF4 /* ViewController.swift */ = {isa = PBXFileReference; lastKnownFileType = sourcecode.swift; path = ViewController.swift; sourceTree = "<group>"; };
		D3A9C9341F18494D0010BCF4 /* Base */ = {isa = PBXFileReference; lastKnownFileType = file.storyboard; name = Base; path = Base.lproj/Main.storyboard; sourceTree = "<group>"; };
		D3A9C9391F18494D0010BCF4 /* Assets.xcassets */ = {isa = PBXFileReference; lastKnownFileType = folder.assetcatalog; path = Assets.xcassets; sourceTree = "<group>"; };
		D3A9C93C1F18494D0010BCF4 /* Base */ = {isa = PBXFileReference; lastKnownFileType = file.storyboard; name = Base; path = Base.lproj/LaunchScreen.storyboard; sourceTree = "<group>"; };
		D3A9C93E1F18494D0010BCF4 /* Info.plist */ = {isa = PBXFileReference; lastKnownFileType = text.plist.xml; path = Info.plist; sourceTree = "<group>"; };
		D3A9C9431F18494D0010BCF4 /* 03使用coredata进行数据持久化Tests.xctest */ = {isa = PBXFileReference; explicitFileType = wrapper.cfbundle; includeInIndex = 0; path = "03使用coredata进行数据持久化Tests.xctest"; sourceTree = BUILT_PRODUCTS_DIR; };
		D3A9C9471F18494D0010BCF4 /* _3__coredata_______Tests.swift */ = {isa = PBXFileReference; lastKnownFileType = sourcecode.swift; path = "_3__coredata_______Tests.swift"; sourceTree = "<group>"; };
		D3A9C9491F18494D0010BCF4 /* Info.plist */ = {isa = PBXFileReference; lastKnownFileType = text.plist.xml; path = Info.plist; sourceTree = "<group>"; };
		D3A9C94E1F18494D0010BCF4 /* 03使用coredata进行数据持久化UITests.xctest */ = {isa = PBXFileReference; explicitFileType = wrapper.cfbundle; includeInIndex = 0; path = "03使用coredata进行数据持久化UITests.xctest"; sourceTree = BUILT_PRODUCTS_DIR; };
		D3A9C9521F18494D0010BCF4 /* _3__coredata_______UITests.swift */ = {isa = PBXFileReference; lastKnownFileType = sourcecode.swift; path = "_3__coredata_______UITests.swift"; sourceTree = "<group>"; };
		D3A9C9541F18494D0010BCF4 /* Info.plist */ = {isa = PBXFileReference; lastKnownFileType = text.plist.xml; path = Info.plist; sourceTree = "<group>"; };
		D3A9C96F1F1854270010BCF4 /* Person.xcdatamodel */ = {isa = PBXFileReference; lastKnownFileType = wrapper.xcdatamodel; path = Person.xcdatamodel; sourceTree = "<group>"; };
		D3A9C9711F1857C10010BCF4 /* User+CoreDataClass.swift */ = {isa = PBXFileReference; fileEncoding = 4; lastKnownFileType = sourcecode.swift; name = "User+CoreDataClass.swift"; path = "03使用coredata进行数据持久化/User+CoreDataClass.swift"; sourceTree = "<group>"; };
		D3A9C9721F1857C10010BCF4 /* User+CoreDataProperties.swift */ = {isa = PBXFileReference; fileEncoding = 4; lastKnownFileType = sourcecode.swift; name = "User+CoreDataProperties.swift"; path = "03使用coredata进行数据持久化/User+CoreDataProperties.swift"; sourceTree = "<group>"; };
/* End PBXFileReference section */

/* Begin PBXFrameworksBuildPhase section */
		D3A9C9291F18494D0010BCF4 /* Frameworks */ = {
			isa = PBXFrameworksBuildPhase;
			buildActionMask = 2147483647;
			files = (
			);
			runOnlyForDeploymentPostprocessing = 0;
		};
		D3A9C9401F18494D0010BCF4 /* Frameworks */ = {
			isa = PBXFrameworksBuildPhase;
			buildActionMask = 2147483647;
			files = (
			);
			runOnlyForDeploymentPostprocessing = 0;
		};
		D3A9C94B1F18494D0010BCF4 /* Frameworks */ = {
			isa = PBXFrameworksBuildPhase;
			buildActionMask = 2147483647;
			files = (
			);
			runOnlyForDeploymentPostprocessing = 0;
		};
/* End PBXFrameworksBuildPhase section */

/* Begin PBXGroup section */
		D3A9C9231F18494C0010BCF4 = {
			isa = PBXGroup;
			children = (
				D3A9C9711F1857C10010BCF4 /* User+CoreDataClass.swift */,
				D3A9C9721F1857C10010BCF4 /* User+CoreDataProperties.swift */,
				D3A9C96E1F1854270010BCF4 /* Person.xcdatamodeld */,
				D3A9C92E1F18494D0010BCF4 /* 03使用coredata进行数据持久化 */,
				D3A9C9461F18494D0010BCF4 /* 03使用coredata进行数据持久化Tests */,
				D3A9C9511F18494D0010BCF4 /* 03使用coredata进行数据持久化UITests */,
				D3A9C92D1F18494D0010BCF4 /* Products */,
			);
			sourceTree = "<group>";
		};
		D3A9C92D1F18494D0010BCF4 /* Products */ = {
			isa = PBXGroup;
			children = (
				D3A9C92C1F18494D0010BCF4 /* 03使用coredata进行数据持久化.app */,
				D3A9C9431F18494D0010BCF4 /* 03使用coredata进行数据持久化Tests.xctest */,
				D3A9C94E1F18494D0010BCF4 /* 03使用coredata进行数据持久化UITests.xctest */,
			);
			name = Products;
			sourceTree = "<group>";
		};
		D3A9C92E1F18494D0010BCF4 /* 03使用coredata进行数据持久化 */ = {
			isa = PBXGroup;
			children = (
				D3A9C92F1F18494D0010BCF4 /* AppDelegate.swift */,
				D3A9C9311F18494D0010BCF4 /* ViewController.swift */,
				D3A9C9331F18494D0010BCF4 /* Main.storyboard */,
				D3A9C9391F18494D0010BCF4 /* Assets.xcassets */,
				D3A9C93B1F18494D0010BCF4 /* LaunchScreen.storyboard */,
				D3A9C93E1F18494D0010BCF4 /* Info.plist */,
			);
			path = "03使用coredata进行数据持久化";
			sourceTree = "<group>";
		};
		D3A9C9461F18494D0010BCF4 /* 03使用coredata进行数据持久化Tests */ = {
			isa = PBXGroup;
			children = (
				D3A9C9471F18494D0010BCF4 /* _3__coredata_______Tests.swift */,
				D3A9C9491F18494D0010BCF4 /* Info.plist */,
			);
			path = "03使用coredata进行数据持久化Tests";
			sourceTree = "<group>";
		};
		D3A9C9511F18494D0010BCF4 /* 03使用coredata进行数据持久化UITests */ = {
			isa = PBXGroup;
			children = (
				D3A9C9521F18494D0010BCF4 /* _3__coredata_______UITests.swift */,
				D3A9C9541F18494D0010BCF4 /* Info.plist */,
			);
			path = "03使用coredata进行数据持久化UITests";
			sourceTree = "<group>";
		};
/* End PBXGroup section */

/* Begin PBXNativeTarget section */
		D3A9C92B1F18494D0010BCF4 /* 03使用coredata进行数据持久化 */ = {
			isa = PBXNativeTarget;
			buildConfigurationList = D3A9C9571F18494D0010BCF4 /* Build configuration list for PBXNativeTarget "03使用coredata进行数据持久化" */;
			buildPhases = (
				D3A9C9281F18494D0010BCF4 /* Sources */,
				D3A9C9291F18494D0010BCF4 /* Frameworks */,
				D3A9C92A1F18494D0010BCF4 /* Resources */,
			);
			buildRules = (
			);
			dependencies = (
			);
			name = "03使用coredata进行数据持久化";
			productName = "03使用coredata进行数据持久化";
			productReference = D3A9C92C1F18494D0010BCF4 /* 03使用coredata进行数据持久化.app */;
			productType = "com.apple.product-type.application";
		};
		D3A9C9421F18494D0010BCF4 /* 03使用coredata进行数据持久化Tests */ = {
			isa = PBXNativeTarget;
			buildConfigurationList = D3A9C95A1F18494D0010BCF4 /* Build configuration list for PBXNativeTarget "03使用coredata进行数据持久化Tests" */;
			buildPhases = (
				D3A9C93F1F18494D0010BCF4 /* Sources */,
				D3A9C9401F18494D0010BCF4 /* Frameworks */,
				D3A9C9411F18494D0010BCF4 /* Resources */,
			);
			buildRules = (
			);
			dependencies = (
				D3A9C9451F18494D0010BCF4 /* PBXTargetDependency */,
			);
			name = "03使用coredata进行数据持久化Tests";
			productName = "03使用coredata进行数据持久化Tests";
			productReference = D3A9C9431F18494D0010BCF4 /* 03使用coredata进行数据持久化Tests.xctest */;
			productType = "com.apple.product-type.bundle.unit-test";
		};
		D3A9C94D1F18494D0010BCF4 /* 03使用coredata进行数据持久化UITests */ = {
			isa = PBXNativeTarget;
			buildConfigurationList = D3A9C95D1F18494D0010BCF4 /* Build configuration list for PBXNativeTarget "03使用coredata进行数据持久化UITests" */;
			buildPhases = (
				D3A9C94A1F18494D0010BCF4 /* Sources */,
				D3A9C94B1F18494D0010BCF4 /* Frameworks */,
				D3A9C94C1F18494D0010BCF4 /* Resources */,
			);
			buildRules = (
			);
			dependencies = (
				D3A9C9501F18494D0010BCF4 /* PBXTargetDependency */,
			);
			name = "03使用coredata进行数据持久化UITests";
			productName = "03使用coredata进行数据持久化UITests";
			productReference = D3A9C94E1F18494D0010BCF4 /* 03使用coredata进行数据持久化UITests.xctest */;
			productType = "com.apple.product-type.bundle.ui-testing";
		};
/* End PBXNativeTarget section */

/* Begin PBXProject section */
		D3A9C9241F18494C0010BCF4 /* Project object */ = {
			isa = PBXProject;
			attributes = {
				LastSwiftUpdateCheck = 0830;
				LastUpgradeCheck = 0830;
				ORGANIZATIONNAME = "于淼华";
				TargetAttributes = {
					D3A9C92B1F18494D0010BCF4 = {
						CreatedOnToolsVersion = 8.3.3;
						ProvisioningStyle = Automatic;
					};
					D3A9C9421F18494D0010BCF4 = {
						CreatedOnToolsVersion = 8.3.3;
						ProvisioningStyle = Automatic;
						TestTargetID = D3A9C92B1F18494D0010BCF4;
					};
					D3A9C94D1F18494D0010BCF4 = {
						CreatedOnToolsVersion = 8.3.3;
						ProvisioningStyle = Automatic;
						TestTargetID = D3A9C92B1F18494D0010BCF4;
					};
				};
			};
			buildConfigurationList = D3A9C9271F18494C0010BCF4 /* Build configuration list for PBXProject "03使用coredata进行数据持久化" */;
			compatibilityVersion = "Xcode 3.2";
			developmentRegion = English;
			hasScannedForEncodings = 0;
			knownRegions = (
				en,
				Base,
			);
			mainGroup = D3A9C9231F18494C0010BCF4;
			productRefGroup = D3A9C92D1F18494D0010BCF4 /* Products */;
			projectDirPath = "";
			projectRoot = "";
			targets = (
				D3A9C92B1F18494D0010BCF4 /* 03使用coredata进行数据持久化 */,
				D3A9C9421F18494D0010BCF4 /* 03使用coredata进行数据持久化Tests */,
				D3A9C94D1F18494D0010BCF4 /* 03使用coredata进行数据持久化UITests */,
			);
		};
/* End PBXProject section */

/* Begin PBXResourcesBuildPhase section */
		D3A9C92A1F18494D0010BCF4 /* Resources */ = {
			isa = PBXResourcesBuildPhase;
			buildActionMask = 2147483647;
			files = (
				D3A9C93D1F18494D0010BCF4 /* LaunchScreen.storyboard in Resources */,
				D3A9C93A1F18494D0010BCF4 /* Assets.xcassets in Resources */,
				D3A9C9351F18494D0010BCF4 /* Main.storyboard in Resources */,
			);
			runOnlyForDeploymentPostprocessing = 0;
		};
		D3A9C9411F18494D0010BCF4 /* Resources */ = {
			isa = PBXResourcesBuildPhase;
			buildActionMask = 2147483647;
			files = (
			);
			runOnlyForDeploymentPostprocessing = 0;
		};
		D3A9C94C1F18494D0010BCF4 /* Resources */ = {
			isa = PBXResourcesBuildPhase;
			buildActionMask = 2147483647;
			files = (
			);
			runOnlyForDeploymentPostprocessing = 0;
		};
/* End PBXResourcesBuildPhase section */

/* Begin PBXSourcesBuildPhase section */
		D3A9C9281F18494D0010BCF4 /* Sources */ = {
			isa = PBXSourcesBuildPhase;
			buildActionMask = 2147483647;
			files = (
				D3A9C9321F18494D0010BCF4 /* ViewController.swift in Sources */,
				D3A9C9301F18494D0010BCF4 /* AppDelegate.swift in Sources */,
				D3A9C9731F1857C10010BCF4 /* User+CoreDataClass.swift in Sources */,
				D3A9C9741F1857C10010BCF4 /* User+CoreDataProperties.swift in Sources */,
				D3A9C9701F1854270010BCF4 /* Person.xcdatamodeld in Sources */,
			);
			runOnlyForDeploymentPostprocessing = 0;
		};
		D3A9C93F1F18494D0010BCF4 /* Sources */ = {
			isa = PBXSourcesBuildPhase;
			buildActionMask = 2147483647;
			files = (
				D3A9C9481F18494D0010BCF4 /* _3__coredata_______Tests.swift in Sources */,
			);
			runOnlyForDeploymentPostprocessing = 0;
		};
		D3A9C94A1F18494D0010BCF4 /* Sources */ = {
			isa = PBXSourcesBuildPhase;
			buildActionMask = 2147483647;
			files = (
				D3A9C9531F18494D0010BCF4 /* _3__coredata_______UITests.swift in Sources */,
			);
			runOnlyForDeploymentPostprocessing = 0;
		};
/* End PBXSourcesBuildPhase section */

/* Begin PBXTargetDependency section */
		D3A9C9451F18494D0010BCF4 /* PBXTargetDependency */ = {
			isa = PBXTargetDependency;
			target = D3A9C92B1F18494D0010BCF4 /* 03使用coredata进行数据持久化 */;
			targetProxy = D3A9C9441F18494D0010BCF4 /* PBXContainerItemProxy */;
		};
		D3A9C9501F18494D0010BCF4 /* PBXTargetDependency */ = {
			isa = PBXTargetDependency;
			target = D3A9C92B1F18494D0010BCF4 /* 03使用coredata进行数据持久化 */;
			targetProxy = D3A9C94F1F18494D0010BCF4 /* PBXContainerItemProxy */;
		};
/* End PBXTargetDependency section */

/* Begin PBXVariantGroup section */
		D3A9C9331F18494D0010BCF4 /* Main.storyboard */ = {
			isa = PBXVariantGroup;
			children = (
				D3A9C9341F18494D0010BCF4 /* Base */,
			);
			name = Main.storyboard;
			sourceTree = "<group>";
		};
		D3A9C93B1F18494D0010BCF4 /* LaunchScreen.storyboard */ = {
			isa = PBXVariantGroup;
			children = (
				D3A9C93C1F18494D0010BCF4 /* Base */,
			);
			name = LaunchScreen.storyboard;
			sourceTree = "<group>";
		};
/* End PBXVariantGroup section */

/* Begin XCBuildConfiguration section */
		D3A9C9551F18494D0010BCF4 /* Debug */ = {
			isa = XCBuildConfiguration;
			buildSettings = {
				ALWAYS_SEARCH_USER_PATHS = NO;
				CLANG_ANALYZER_NONNULL = YES;
				CLANG_ANALYZER_NUMBER_OBJECT_CONVERSION = YES_AGGRESSIVE;
				CLANG_CXX_LANGUAGE_STANDARD = "gnu++0x";
				CLANG_CXX_LIBRARY = "libc++";
				CLANG_ENABLE_MODULES = YES;
				CLANG_ENABLE_OBJC_ARC = YES;
				CLANG_WARN_BOOL_CONVERSION = YES;
				CLANG_WARN_CONSTANT_CONVERSION = YES;
				CLANG_WARN_DIRECT_OBJC_ISA_USAGE = YES_ERROR;
				CLANG_WARN_DOCUMENTATION_COMMENTS = YES;
				CLANG_WARN_EMPTY_BODY = YES;
				CLANG_WARN_ENUM_CONVERSION = YES;
				CLANG_WARN_INFINITE_RECURSION = YES;
				CLANG_WARN_INT_CONVERSION = YES;
				CLANG_WARN_OBJC_ROOT_CLASS = YES_ERROR;
				CLANG_WARN_SUSPICIOUS_MOVE = YES;
				CLANG_WARN_UNREACHABLE_CODE = YES;
				CLANG_WARN__DUPLICATE_METHOD_MATCH = YES;
				"CODE_SIGN_IDENTITY[sdk=iphoneos*]" = "iPhone Developer";
				COPY_PHASE_STRIP = NO;
				DEBUG_INFORMATION_FORMAT = dwarf;
				ENABLE_STRICT_OBJC_MSGSEND = YES;
				ENABLE_TESTABILITY = YES;
				GCC_C_LANGUAGE_STANDARD = gnu99;
				GCC_DYNAMIC_NO_PIC = NO;
				GCC_NO_COMMON_BLOCKS = YES;
				GCC_OPTIMIZATION_LEVEL = 0;
				GCC_PREPROCESSOR_DEFINITIONS = (
					"DEBUG=1",
					"$(inherited)",
				);
				GCC_WARN_64_TO_32_BIT_CONVERSION = YES;
				GCC_WARN_ABOUT_RETURN_TYPE = YES_ERROR;
				GCC_WARN_UNDECLARED_SELECTOR = YES;
				GCC_WARN_UNINITIALIZED_AUTOS = YES_AGGRESSIVE;
				GCC_WARN_UNUSED_FUNCTION = YES;
				GCC_WARN_UNUSED_VARIABLE = YES;
				IPHONEOS_DEPLOYMENT_TARGET = 10.3;
				MTL_ENABLE_DEBUG_INFO = YES;
				ONLY_ACTIVE_ARCH = YES;
				SDKROOT = iphoneos;
				SWIFT_ACTIVE_COMPILATION_CONDITIONS = DEBUG;
				SWIFT_OPTIMIZATION_LEVEL = "-Onone";
				TARGETED_DEVICE_FAMILY = "1,2";
			};
			name = Debug;
		};
		D3A9C9561F18494D0010BCF4 /* Release */ = {
			isa = XCBuildConfiguration;
			buildSettings = {
				ALWAYS_SEARCH_USER_PATHS = NO;
				CLANG_ANALYZER_NONNULL = YES;
				CLANG_ANALYZER_NUMBER_OBJECT_CONVERSION = YES_AGGRESSIVE;
				CLANG_CXX_LANGUAGE_STANDARD = "gnu++0x";
				CLANG_CXX_LIBRARY = "libc++";
				CLANG_ENABLE_MODULES = YES;
				CLANG_ENABLE_OBJC_ARC = YES;
				CLANG_WARN_BOOL_CONVERSION = YES;
				CLANG_WARN_CONSTANT_CONVERSION = YES;
				CLANG_WARN_DIRECT_OBJC_ISA_USAGE = YES_ERROR;
				CLANG_WARN_DOCUMENTATION_COMMENTS = YES;
				CLANG_WARN_EMPTY_BODY = YES;
				CLANG_WARN_ENUM_CONVERSION = YES;
				CLANG_WARN_INFINITE_RECURSION = YES;
				CLANG_WARN_INT_CONVERSION = YES;
				CLANG_WARN_OBJC_ROOT_CLASS = YES_ERROR;
				CLANG_WARN_SUSPICIOUS_MOVE = YES;
				CLANG_WARN_UNREACHABLE_CODE = YES;
				CLANG_WARN__DUPLICATE_METHOD_MATCH = YES;
				"CODE_SIGN_IDENTITY[sdk=iphoneos*]" = "iPhone Developer";
				COPY_PHASE_STRIP = NO;
				DEBUG_INFORMATION_FORMAT = "dwarf-with-dsym";
				ENABLE_NS_ASSERTIONS = NO;
				ENABLE_STRICT_OBJC_MSGSEND = YES;
				GCC_C_LANGUAGE_STANDARD = gnu99;
				GCC_NO_COMMON_BLOCKS = YES;
				GCC_WARN_64_TO_32_BIT_CONVERSION = YES;
				GCC_WARN_ABOUT_RETURN_TYPE = YES_ERROR;
				GCC_WARN_UNDECLARED_SELECTOR = YES;
				GCC_WARN_UNINITIALIZED_AUTOS = YES_AGGRESSIVE;
				GCC_WARN_UNUSED_FUNCTION = YES;
				GCC_WARN_UNUSED_VARIABLE = YES;
				IPHONEOS_DEPLOYMENT_TARGET = 10.3;
				MTL_ENABLE_DEBUG_INFO = NO;
				SDKROOT = iphoneos;
				SWIFT_OPTIMIZATION_LEVEL = "-Owholemodule";
				TARGETED_DEVICE_FAMILY = "1,2";
				VALIDATE_PRODUCT = YES;
			};
			name = Release;
		};
		D3A9C9581F18494D0010BCF4 /* Debug */ = {
			isa = XCBuildConfiguration;
			buildSettings = {
				ASSETCATALOG_COMPILER_APPICON_NAME = AppIcon;
				INFOPLIST_FILE = "03使用coredata进行数据持久化/Info.plist";
				LD_RUNPATH_SEARCH_PATHS = "$(inherited) @executable_path/Frameworks";
				PRODUCT_BUNDLE_IDENTIFIER = "ddd.-3--coredata-------";
				PRODUCT_NAME = "$(TARGET_NAME)";
				SWIFT_VERSION = 3.0;
			};
			name = Debug;
		};
		D3A9C9591F18494D0010BCF4 /* Release */ = {
			isa = XCBuildConfiguration;
			buildSettings = {
				ASSETCATALOG_COMPILER_APPICON_NAME = AppIcon;
				INFOPLIST_FILE = "03使用coredata进行数据持久化/Info.plist";
				LD_RUNPATH_SEARCH_PATHS = "$(inherited) @executable_path/Frameworks";
				PRODUCT_BUNDLE_IDENTIFIER = "ddd.-3--coredata-------";
				PRODUCT_NAME = "$(TARGET_NAME)";
				SWIFT_VERSION = 3.0;
			};
			name = Release;
		};
		D3A9C95B1F18494D0010BCF4 /* Debug */ = {
			isa = XCBuildConfiguration;
			buildSettings = {
				ALWAYS_EMBED_SWIFT_STANDARD_LIBRARIES = YES;
				BUNDLE_LOADER = "$(TEST_HOST)";
				INFOPLIST_FILE = "03使用coredata进行数据持久化Tests/Info.plist";
				LD_RUNPATH_SEARCH_PATHS = "$(inherited) @executable_path/Frameworks @loader_path/Frameworks";
				PRODUCT_BUNDLE_IDENTIFIER = "ddd.-3--coredata-------Tests";
				PRODUCT_NAME = "$(TARGET_NAME)";
				SWIFT_VERSION = 3.0;
				TEST_HOST = "$(BUILT_PRODUCTS_DIR)/03使用coredata进行数据持久化.app/03使用coredata进行数据持久化";
			};
			name = Debug;
		};
		D3A9C95C1F18494D0010BCF4 /* Release */ = {
			isa = XCBuildConfiguration;
			buildSettings = {
				ALWAYS_EMBED_SWIFT_STANDARD_LIBRARIES = YES;
				BUNDLE_LOADER = "$(TEST_HOST)";
				INFOPLIST_FILE = "03使用coredata进行数据持久化Tests/Info.plist";
				LD_RUNPATH_SEARCH_PATHS = "$(inherited) @executable_path/Frameworks @loader_path/Frameworks";
				PRODUCT_BUNDLE_IDENTIFIER = "ddd.-3--coredata-------Tests";
				PRODUCT_NAME = "$(TARGET_NAME)";
				SWIFT_VERSION = 3.0;
				TEST_HOST = "$(BUILT_PRODUCTS_DIR)/03使用coredata进行数据持久化.app/03使用coredata进行数据持久化";
			};
			name = Release;
		};
		D3A9C95E1F18494D0010BCF4 /* Debug */ = {
			isa = XCBuildConfiguration;
			buildSettings = {
				ALWAYS_EMBED_SWIFT_STANDARD_LIBRARIES = YES;
				INFOPLIST_FILE = "03使用coredata进行数据持久化UITests/Info.plist";
				LD_RUNPATH_SEARCH_PATHS = "$(inherited) @executable_path/Frameworks @loader_path/Frameworks";
				PRODUCT_BUNDLE_IDENTIFIER = "ddd.-3--coredata-------UITests";
				PRODUCT_NAME = "$(TARGET_NAME)";
				SWIFT_VERSION = 3.0;
				TEST_TARGET_NAME = "03使用coredata进行数据持久化";
			};
			name = Debug;
		};
		D3A9C95F1F18494D0010BCF4 /* Release */ = {
			isa = XCBuildConfiguration;
			buildSettings = {
				ALWAYS_EMBED_SWIFT_STANDARD_LIBRARIES = YES;
				INFOPLIST_FILE = "03使用coredata进行数据持久化UITests/Info.plist";
				LD_RUNPATH_SEARCH_PATHS = "$(inherited) @executable_path/Frameworks @loader_path/Frameworks";
				PRODUCT_BUNDLE_IDENTIFIER = "ddd.-3--coredata-------UITests";
				PRODUCT_NAME = "$(TARGET_NAME)";
				SWIFT_VERSION = 3.0;
				TEST_TARGET_NAME = "03使用coredata进行数据持久化";
			};
			name = Release;
		};
/* End XCBuildConfiguration section */

/* Begin XCConfigurationList section */
		D3A9C9271F18494C0010BCF4 /* Build configuration list for PBXProject "03使用coredata进行数据持久化" */ = {
			isa = XCConfigurationList;
			buildConfigurations = (
				D3A9C9551F18494D0010BCF4 /* Debug */,
				D3A9C9561F18494D0010BCF4 /* Release */,
			);
			defaultConfigurationIsVisible = 0;
			defaultConfigurationName = Release;
		};
		D3A9C9571F18494D0010BCF4 /* Build configuration list for PBXNativeTarget "03使用coredata进行数据持久化" */ = {
			isa = XCConfigurationList;
			buildConfigurations = (
				D3A9C9581F18494D0010BCF4 /* Debug */,
				D3A9C9591F18494D0010BCF4 /* Release */,
			);
			defaultConfigurationIsVisible = 0;
			defaultConfigurationName = Release;
		};
		D3A9C95A1F18494D0010BCF4 /* Build configuration list for PBXNativeTarget "03使用coredata进行数据持久化Tests" */ = {
			isa = XCConfigurationList;
			buildConfigurations = (
				D3A9C95B1F18494D0010BCF4 /* Debug */,
				D3A9C95C1F18494D0010BCF4 /* Release */,
			);
			defaultConfigurationIsVisible = 0;
			defaultConfigurationName = Release;
		};
		D3A9C95D1F18494D0010BCF4 /* Build configuration list for PBXNativeTarget "03使用coredata进行数据持久化UITests" */ = {
			isa = XCConfigurationList;
			buildConfigurations = (
				D3A9C95E1F18494D0010BCF4 /* Debug */,
				D3A9C95F1F18494D0010BCF4 /* Release */,
			);
			defaultConfigurationIsVisible = 0;
			defaultConfigurationName = Release;
		};
/* End XCConfigurationList section */

/* Begin XCVersionGroup section */
		D3A9C96E1F1854270010BCF4 /* Person.xcdatamodeld */ = {
			isa = XCVersionGroup;
			children = (
				D3A9C96F1F1854270010BCF4 /* Person.xcdatamodel */,
			);
			currentVersion = D3A9C96F1F1854270010BCF4 /* Person.xcdatamodel */;
			path = Person.xcdatamodeld;
			sourceTree = "<group>";
			versionGroupType = wrapper.xcdatamodel;
		};
/* End XCVersionGroup section */
	};
	rootObject = D3A9C9241F18494C0010BCF4 /* Project object */;
}
