// !$*UTF8*$!
{
	archiveVersion = 1;
	classes = {
	};
	objectVersion = 46;
	objects = {

/* Begin PBXBuildFile section */
		ACD81EA815CA560EEC2C0713 /* Pods_alamofire.framework in Frameworks */ = {isa = PBXBuildFile; fileRef = 0F24A1EC3B014DC589E82C2A /* Pods_alamofire.framework */; };
		D32559031EF90A8F00BD6307 /* alamofireTests.swift in Sources */ = {isa = PBXBuildFile; fileRef = D32559021EF90A8F00BD6307 /* alamofireTests.swift */; };
		D325590E1EF90A8F00BD6307 /* alamofireUITests.swift in Sources */ = {isa = PBXBuildFile; fileRef = D325590D1EF90A8F00BD6307 /* alamofireUITests.swift */; };
/* End PBXBuildFile section */

/* Begin PBXContainerItemProxy section */
		D32558FF1EF90A8F00BD6307 /* PBXContainerItemProxy */ = {
			isa = PBXContainerItemProxy;
			containerPortal = D32558E21EF90A8F00BD6307 /* Project object */;
			proxyType = 1;
			remoteGlobalIDString = D32558E91EF90A8F00BD6307;
			remoteInfo = alamofire;
		};
		D325590A1EF90A8F00BD6307 /* PBXContainerItemProxy */ = {
			isa = PBXContainerItemProxy;
			containerPortal = D32558E21EF90A8F00BD6307 /* Project object */;
			proxyType = 1;
			remoteGlobalIDString = D32558E91EF90A8F00BD6307;
			remoteInfo = alamofire;
		};
/* End PBXContainerItemProxy section */

/* Begin PBXFileReference section */
		0F24A1EC3B014DC589E82C2A /* Pods_alamofire.framework */ = {isa = PBXFileReference; explicitFileType = wrapper.framework; includeInIndex = 0; path = Pods_alamofire.framework; sourceTree = BUILT_PRODUCTS_DIR; };
		6CD82BCFD7F215D22D1C063A /* Pods-alamofire.debug.xcconfig */ = {isa = PBXFileReference; includeInIndex = 1; lastKnownFileType = text.xcconfig; name = "Pods-alamofire.debug.xcconfig"; path = "Pods/Target Support Files/Pods-alamofire/Pods-alamofire.debug.xcconfig"; sourceTree = "<group>"; };
		AE32340E084D5AD90628EAD1 /* Pods-alamofire.release.xcconfig */ = {isa = PBXFileReference; includeInIndex = 1; lastKnownFileType = text.xcconfig; name = "Pods-alamofire.release.xcconfig"; path = "Pods/Target Support Files/Pods-alamofire/Pods-alamofire.release.xcconfig"; sourceTree = "<group>"; };
		D32558EA1EF90A8F00BD6307 /* alamofire.app */ = {isa = PBXFileReference; explicitFileType = wrapper.application; includeInIndex = 0; path = alamofire.app; sourceTree = BUILT_PRODUCTS_DIR; };
		D32558FE1EF90A8F00BD6307 /* alamofireTests.xctest */ = {isa = PBXFileReference; explicitFileType = wrapper.cfbundle; includeInIndex = 0; path = alamofireTests.xctest; sourceTree = BUILT_PRODUCTS_DIR; };
		D32559021EF90A8F00BD6307 /* alamofireTests.swift */ = {isa = PBXFileReference; lastKnownFileType = sourcecode.swift; path = alamofireTests.swift; sourceTree = "<group>"; };
		D32559041EF90A8F00BD6307 /* Info.plist */ = {isa = PBXFileReference; lastKnownFileType = text.plist.xml; path = Info.plist; sourceTree = "<group>"; };
		D32559091EF90A8F00BD6307 /* alamofireUITests.xctest */ = {isa = PBXFileReference; explicitFileType = wrapper.cfbundle; includeInIndex = 0; path = alamofireUITests.xctest; sourceTree = BUILT_PRODUCTS_DIR; };
		D325590D1EF90A8F00BD6307 /* alamofireUITests.swift */ = {isa = PBXFileReference; lastKnownFileType = sourcecode.swift; path = alamofireUITests.swift; sourceTree = "<group>"; };
		D325590F1EF90A8F00BD6307 /* Info.plist */ = {isa = PBXFileReference; lastKnownFileType = text.plist.xml; path = Info.plist; sourceTree = "<group>"; };
/* End PBXFileReference section */

/* Begin PBXFrameworksBuildPhase section */
		D32558E71EF90A8F00BD6307 /* Frameworks */ = {
			isa = PBXFrameworksBuildPhase;
			buildActionMask = 2147483647;
			files = (
				ACD81EA815CA560EEC2C0713 /* Pods_alamofire.framework in Frameworks */,
			);
			runOnlyForDeploymentPostprocessing = 0;
		};
		D32558FB1EF90A8F00BD6307 /* Frameworks */ = {
			isa = PBXFrameworksBuildPhase;
			buildActionMask = 2147483647;
			files = (
			);
			runOnlyForDeploymentPostprocessing = 0;
		};
		D32559061EF90A8F00BD6307 /* Frameworks */ = {
			isa = PBXFrameworksBuildPhase;
			buildActionMask = 2147483647;
			files = (
			);
			runOnlyForDeploymentPostprocessing = 0;
		};
/* End PBXFrameworksBuildPhase section */

/* Begin PBXGroup section */
		BC92A75911F16F5C474E4C24 /* Frameworks */ = {
			isa = PBXGroup;
			children = (
				0F24A1EC3B014DC589E82C2A /* Pods_alamofire.framework */,
			);
			name = Frameworks;
			sourceTree = "<group>";
		};
		D32558E11EF90A8F00BD6307 = {
			isa = PBXGroup;
			children = (
				D32559011EF90A8F00BD6307 /* alamofireTests */,
				D325590C1EF90A8F00BD6307 /* alamofireUITests */,
				D32558EB1EF90A8F00BD6307 /* Products */,
				FA5C3E898611AE0D655EA7B3 /* Pods */,
				BC92A75911F16F5C474E4C24 /* Frameworks */,
			);
			sourceTree = "<group>";
		};
		D32558EB1EF90A8F00BD6307 /* Products */ = {
			isa = PBXGroup;
			children = (
				D32558EA1EF90A8F00BD6307 /* alamofire.app */,
				D32558FE1EF90A8F00BD6307 /* alamofireTests.xctest */,
				D32559091EF90A8F00BD6307 /* alamofireUITests.xctest */,
			);
			name = Products;
			sourceTree = "<group>";
		};
		D32559011EF90A8F00BD6307 /* alamofireTests */ = {
			isa = PBXGroup;
			children = (
				D32559021EF90A8F00BD6307 /* alamofireTests.swift */,
				D32559041EF90A8F00BD6307 /* Info.plist */,
			);
			path = alamofireTests;
			sourceTree = "<group>";
		};
		D325590C1EF90A8F00BD6307 /* alamofireUITests */ = {
			isa = PBXGroup;
			children = (
				D325590D1EF90A8F00BD6307 /* alamofireUITests.swift */,
				D325590F1EF90A8F00BD6307 /* Info.plist */,
			);
			path = alamofireUITests;
			sourceTree = "<group>";
		};
		FA5C3E898611AE0D655EA7B3 /* Pods */ = {
			isa = PBXGroup;
			children = (
				6CD82BCFD7F215D22D1C063A /* Pods-alamofire.debug.xcconfig */,
				AE32340E084D5AD90628EAD1 /* Pods-alamofire.release.xcconfig */,
			);
			name = Pods;
			sourceTree = "<group>";
		};
/* End PBXGroup section */

/* Begin PBXNativeTarget section */
		D32558E91EF90A8F00BD6307 /* alamofire */ = {
			isa = PBXNativeTarget;
			buildConfigurationList = D32559121EF90A8F00BD6307 /* Build configuration list for PBXNativeTarget "alamofire" */;
			buildPhases = (
				80118FE4FD35F3B1666E7CF3 /* [CP] Check Pods Manifest.lock */,
				D32558E61EF90A8F00BD6307 /* Sources */,
				D32558E71EF90A8F00BD6307 /* Frameworks */,
				D32558E81EF90A8F00BD6307 /* Resources */,
				46401DF697E89F327523879C /* [CP] Embed Pods Frameworks */,
				79979731C97E7A0849DAE8C4 /* [CP] Copy Pods Resources */,
			);
			buildRules = (
			);
			dependencies = (
			);
			name = alamofire;
			productName = alamofire;
			productReference = D32558EA1EF90A8F00BD6307 /* alamofire.app */;
			productType = "com.apple.product-type.application";
		};
		D32558FD1EF90A8F00BD6307 /* alamofireTests */ = {
			isa = PBXNativeTarget;
			buildConfigurationList = D32559151EF90A8F00BD6307 /* Build configuration list for PBXNativeTarget "alamofireTests" */;
			buildPhases = (
				D32558FA1EF90A8F00BD6307 /* Sources */,
				D32558FB1EF90A8F00BD6307 /* Frameworks */,
				D32558FC1EF90A8F00BD6307 /* Resources */,
			);
			buildRules = (
			);
			dependencies = (
				D32559001EF90A8F00BD6307 /* PBXTargetDependency */,
			);
			name = alamofireTests;
			productName = alamofireTests;
			productReference = D32558FE1EF90A8F00BD6307 /* alamofireTests.xctest */;
			productType = "com.apple.product-type.bundle.unit-test";
		};
		D32559081EF90A8F00BD6307 /* alamofireUITests */ = {
			isa = PBXNativeTarget;
			buildConfigurationList = D32559181EF90A8F00BD6307 /* Build configuration list for PBXNativeTarget "alamofireUITests" */;
			buildPhases = (
				D32559051EF90A8F00BD6307 /* Sources */,
				D32559061EF90A8F00BD6307 /* Frameworks */,
				D32559071EF90A8F00BD6307 /* Resources */,
			);
			buildRules = (
			);
			dependencies = (
				D325590B1EF90A8F00BD6307 /* PBXTargetDependency */,
			);
			name = alamofireUITests;
			productName = alamofireUITests;
			productReference = D32559091EF90A8F00BD6307 /* alamofireUITests.xctest */;
			productType = "com.apple.product-type.bundle.ui-testing";
		};
/* End PBXNativeTarget section */

/* Begin PBXProject section */
		D32558E21EF90A8F00BD6307 /* Project object */ = {
			isa = PBXProject;
			attributes = {
				LastSwiftUpdateCheck = 0830;
				LastUpgradeCheck = 0830;
				ORGANIZATIONNAME = "于淼华";
				TargetAttributes = {
					D32558E91EF90A8F00BD6307 = {
						CreatedOnToolsVersion = 8.3.3;
						ProvisioningStyle = Automatic;
					};
					D32558FD1EF90A8F00BD6307 = {
						CreatedOnToolsVersion = 8.3.3;
						ProvisioningStyle = Automatic;
						TestTargetID = D32558E91EF90A8F00BD6307;
					};
					D32559081EF90A8F00BD6307 = {
						CreatedOnToolsVersion = 8.3.3;
						ProvisioningStyle = Automatic;
						TestTargetID = D32558E91EF90A8F00BD6307;
					};
				};
			};
			buildConfigurationList = D32558E51EF90A8F00BD6307 /* Build configuration list for PBXProject "alamofire" */;
			compatibilityVersion = "Xcode 3.2";
			developmentRegion = English;
			hasScannedForEncodings = 0;
			knownRegions = (
				en,
				Base,
			);
			mainGroup = D32558E11EF90A8F00BD6307;
			productRefGroup = D32558EB1EF90A8F00BD6307 /* Products */;
			projectDirPath = "";
			projectRoot = "";
			targets = (
				D32558E91EF90A8F00BD6307 /* alamofire */,
				D32558FD1EF90A8F00BD6307 /* alamofireTests */,
				D32559081EF90A8F00BD6307 /* alamofireUITests */,
			);
		};
/* End PBXProject section */

/* Begin PBXResourcesBuildPhase section */
		D32558E81EF90A8F00BD6307 /* Resources */ = {
			isa = PBXResourcesBuildPhase;
			buildActionMask = 2147483647;
			files = (
			);
			runOnlyForDeploymentPostprocessing = 0;
		};
		D32558FC1EF90A8F00BD6307 /* Resources */ = {
			isa = PBXResourcesBuildPhase;
			buildActionMask = 2147483647;
			files = (
			);
			runOnlyForDeploymentPostprocessing = 0;
		};
		D32559071EF90A8F00BD6307 /* Resources */ = {
			isa = PBXResourcesBuildPhase;
			buildActionMask = 2147483647;
			files = (
			);
			runOnlyForDeploymentPostprocessing = 0;
		};
/* End PBXResourcesBuildPhase section */

/* Begin PBXShellScriptBuildPhase section */
		46401DF697E89F327523879C /* [CP] Embed Pods Frameworks */ = {
			isa = PBXShellScriptBuildPhase;
			buildActionMask = 2147483647;
			files = (
			);
			inputPaths = (
			);
			name = "[CP] Embed Pods Frameworks";
			outputPaths = (
			);
			runOnlyForDeploymentPostprocessing = 0;
			shellPath = /bin/sh;
			shellScript = "\"${SRCROOT}/Pods/Target Support Files/Pods-alamofire/Pods-alamofire-frameworks.sh\"\n";
			showEnvVarsInLog = 0;
		};
		79979731C97E7A0849DAE8C4 /* [CP] Copy Pods Resources */ = {
			isa = PBXShellScriptBuildPhase;
			buildActionMask = 2147483647;
			files = (
			);
			inputPaths = (
			);
			name = "[CP] Copy Pods Resources";
			outputPaths = (
			);
			runOnlyForDeploymentPostprocessing = 0;
			shellPath = /bin/sh;
			shellScript = "\"${SRCROOT}/Pods/Target Support Files/Pods-alamofire/Pods-alamofire-resources.sh\"\n";
			showEnvVarsInLog = 0;
		};
		80118FE4FD35F3B1666E7CF3 /* [CP] Check Pods Manifest.lock */ = {
			isa = PBXShellScriptBuildPhase;
			buildActionMask = 2147483647;
			files = (
			);
			inputPaths = (
			);
			name = "[CP] Check Pods Manifest.lock";
			outputPaths = (
			);
			runOnlyForDeploymentPostprocessing = 0;
			shellPath = /bin/sh;
			shellScript = "diff \"${PODS_PODFILE_DIR_PATH}/Podfile.lock\" \"${PODS_ROOT}/Manifest.lock\" > /dev/null\nif [ $? != 0 ] ; then\n    # print error to STDERR\n    echo \"error: The sandbox is not in sync with the Podfile.lock. Run 'pod install' or update your CocoaPods installation.\" >&2\n    exit 1\nfi\n";
			showEnvVarsInLog = 0;
		};
/* End PBXShellScriptBuildPhase section */

/* Begin PBXSourcesBuildPhase section */
		D32558E61EF90A8F00BD6307 /* Sources */ = {
			isa = PBXSourcesBuildPhase;
			buildActionMask = 2147483647;
			files = (
			);
			runOnlyForDeploymentPostprocessing = 0;
		};
		D32558FA1EF90A8F00BD6307 /* Sources */ = {
			isa = PBXSourcesBuildPhase;
			buildActionMask = 2147483647;
			files = (
				D32559031EF90A8F00BD6307 /* alamofireTests.swift in Sources */,
			);
			runOnlyForDeploymentPostprocessing = 0;
		};
		D32559051EF90A8F00BD6307 /* Sources */ = {
			isa = PBXSourcesBuildPhase;
			buildActionMask = 2147483647;
			files = (
				D325590E1EF90A8F00BD6307 /* alamofireUITests.swift in Sources */,
			);
			runOnlyForDeploymentPostprocessing = 0;
		};
/* End PBXSourcesBuildPhase section */

/* Begin PBXTargetDependency section */
		D32559001EF90A8F00BD6307 /* PBXTargetDependency */ = {
			isa = PBXTargetDependency;
			target = D32558E91EF90A8F00BD6307 /* alamofire */;
			targetProxy = D32558FF1EF90A8F00BD6307 /* PBXContainerItemProxy */;
		};
		D325590B1EF90A8F00BD6307 /* PBXTargetDependency */ = {
			isa = PBXTargetDependency;
			target = D32558E91EF90A8F00BD6307 /* alamofire */;
			targetProxy = D325590A1EF90A8F00BD6307 /* PBXContainerItemProxy */;
		};
/* End PBXTargetDependency section */

/* Begin XCBuildConfiguration section */
		D32559101EF90A8F00BD6307 /* Debug */ = {
			isa = XCBuildConfiguration;
			buildSettings = {
				ALWAYS_SEARCH_USER_PATHS = NO;
				CLANG_ANALYZER_NONNULL = YES;
				CLANG_ANALYZER_NUMBER_OBJECT_CONVERSION = YES_AGGRESSIVE;
				CLANG_CXX_LANGUAGE_STANDARD = "gnu++0x";
				CLANG_CXX_LIBRARY = "libc++";
				CLANG_ENABLE_MODULES = YES;
				CLANG_ENABLE_OBJC_ARC = YES;
				CLANG_WARN_BOOL_CONVERSION = YES;
				CLANG_WARN_CONSTANT_CONVERSION = YES;
				CLANG_WARN_DIRECT_OBJC_ISA_USAGE = YES_ERROR;
				CLANG_WARN_DOCUMENTATION_COMMENTS = YES;
				CLANG_WARN_EMPTY_BODY = YES;
				CLANG_WARN_ENUM_CONVERSION = YES;
				CLANG_WARN_INFINITE_RECURSION = YES;
				CLANG_WARN_INT_CONVERSION = YES;
				CLANG_WARN_OBJC_ROOT_CLASS = YES_ERROR;
				CLANG_WARN_SUSPICIOUS_MOVE = YES;
				CLANG_WARN_UNREACHABLE_CODE = YES;
				CLANG_WARN__DUPLICATE_METHOD_MATCH = YES;
				"CODE_SIGN_IDENTITY[sdk=iphoneos*]" = "iPhone Developer";
				COPY_PHASE_STRIP = NO;
				DEBUG_INFORMATION_FORMAT = dwarf;
				ENABLE_STRICT_OBJC_MSGSEND = YES;
				ENABLE_TESTABILITY = YES;
				GCC_C_LANGUAGE_STANDARD = gnu99;
				GCC_DYNAMIC_NO_PIC = NO;
				GCC_NO_COMMON_BLOCKS = YES;
				GCC_OPTIMIZATION_LEVEL = 0;
				GCC_PREPROCESSOR_DEFINITIONS = (
					"DEBUG=1",
					"$(inherited)",
				);
				GCC_WARN_64_TO_32_BIT_CONVERSION = YES;
				GCC_WARN_ABOUT_RETURN_TYPE = YES_ERROR;
				GCC_WARN_UNDECLARED_SELECTOR = YES;
				GCC_WARN_UNINITIALIZED_AUTOS = YES_AGGRESSIVE;
				GCC_WARN_UNUSED_FUNCTION = YES;
				GCC_WARN_UNUSED_VARIABLE = YES;
				IPHONEOS_DEPLOYMENT_TARGET = 10.3;
				MTL_ENABLE_DEBUG_INFO = YES;
				ONLY_ACTIVE_ARCH = YES;
				SDKROOT = iphoneos;
				SWIFT_ACTIVE_COMPILATION_CONDITIONS = DEBUG;
				SWIFT_OPTIMIZATION_LEVEL = "-Onone";
				TARGETED_DEVICE_FAMILY = "1,2";
			};
			name = Debug;
		};
		D32559111EF90A8F00BD6307 /* Release */ = {
			isa = XCBuildConfiguration;
			buildSettings = {
				ALWAYS_SEARCH_USER_PATHS = NO;
				CLANG_ANALYZER_NONNULL = YES;
				CLANG_ANALYZER_NUMBER_OBJECT_CONVERSION = YES_AGGRESSIVE;
				CLANG_CXX_LANGUAGE_STANDARD = "gnu++0x";
				CLANG_CXX_LIBRARY = "libc++";
				CLANG_ENABLE_MODULES = YES;
				CLANG_ENABLE_OBJC_ARC = YES;
				CLANG_WARN_BOOL_CONVERSION = YES;
				CLANG_WARN_CONSTANT_CONVERSION = YES;
				CLANG_WARN_DIRECT_OBJC_ISA_USAGE = YES_ERROR;
				CLANG_WARN_DOCUMENTATION_COMMENTS = YES;
				CLANG_WARN_EMPTY_BODY = YES;
				CLANG_WARN_ENUM_CONVERSION = YES;
				CLANG_WARN_INFINITE_RECURSION = YES;
				CLANG_WARN_INT_CONVERSION = YES;
				CLANG_WARN_OBJC_ROOT_CLASS = YES_ERROR;
				CLANG_WARN_SUSPICIOUS_MOVE = YES;
				CLANG_WARN_UNREACHABLE_CODE = YES;
				CLANG_WARN__DUPLICATE_METHOD_MATCH = YES;
				"CODE_SIGN_IDENTITY[sdk=iphoneos*]" = "iPhone Developer";
				COPY_PHASE_STRIP = NO;
				DEBUG_INFORMATION_FORMAT = "dwarf-with-dsym";
				ENABLE_NS_ASSERTIONS = NO;
				ENABLE_STRICT_OBJC_MSGSEND = YES;
				GCC_C_LANGUAGE_STANDARD = gnu99;
				GCC_NO_COMMON_BLOCKS = YES;
				GCC_WARN_64_TO_32_BIT_CONVERSION = YES;
				GCC_WARN_ABOUT_RETURN_TYPE = YES_ERROR;
				GCC_WARN_UNDECLARED_SELECTOR = YES;
				GCC_WARN_UNINITIALIZED_AUTOS = YES_AGGRESSIVE;
				GCC_WARN_UNUSED_FUNCTION = YES;
				GCC_WARN_UNUSED_VARIABLE = YES;
				IPHONEOS_DEPLOYMENT_TARGET = 10.3;
				MTL_ENABLE_DEBUG_INFO = NO;
				SDKROOT = iphoneos;
				SWIFT_OPTIMIZATION_LEVEL = "-Owholemodule";
				TARGETED_DEVICE_FAMILY = "1,2";
				VALIDATE_PRODUCT = YES;
			};
			name = Release;
		};
		D32559131EF90A8F00BD6307 /* Debug */ = {
			isa = XCBuildConfiguration;
			baseConfigurationReference = 6CD82BCFD7F215D22D1C063A /* Pods-alamofire.debug.xcconfig */;
			buildSettings = {
				ASSETCATALOG_COMPILER_APPICON_NAME = AppIcon;
				INFOPLIST_FILE = alamofire/Info.plist;
				LD_RUNPATH_SEARCH_PATHS = "$(inherited) @executable_path/Frameworks";
				PRODUCT_BUNDLE_IDENTIFIER = ddd.alamofire;
				PRODUCT_NAME = "$(TARGET_NAME)";
				SWIFT_VERSION = 3.0;
			};
			name = Debug;
		};
		D32559141EF90A8F00BD6307 /* Release */ = {
			isa = XCBuildConfiguration;
			baseConfigurationReference = AE32340E084D5AD90628EAD1 /* Pods-alamofire.release.xcconfig */;
			buildSettings = {
				ASSETCATALOG_COMPILER_APPICON_NAME = AppIcon;
				INFOPLIST_FILE = alamofire/Info.plist;
				LD_RUNPATH_SEARCH_PATHS = "$(inherited) @executable_path/Frameworks";
				PRODUCT_BUNDLE_IDENTIFIER = ddd.alamofire;
				PRODUCT_NAME = "$(TARGET_NAME)";
				SWIFT_VERSION = 3.0;
			};
			name = Release;
		};
		D32559161EF90A8F00BD6307 /* Debug */ = {
			isa = XCBuildConfiguration;
			buildSettings = {
				BUNDLE_LOADER = "$(TEST_HOST)";
				INFOPLIST_FILE = alamofireTests/Info.plist;
				LD_RUNPATH_SEARCH_PATHS = "$(inherited) @executable_path/Frameworks @loader_path/Frameworks";
				PRODUCT_BUNDLE_IDENTIFIER = ddd.alamofireTests;
				PRODUCT_NAME = "$(TARGET_NAME)";
				SWIFT_VERSION = 3.0;
				TEST_HOST = "$(BUILT_PRODUCTS_DIR)/alamofire.app/alamofire";
			};
			name = Debug;
		};
		D32559171EF90A8F00BD6307 /* Release */ = {
			isa = XCBuildConfiguration;
			buildSettings = {
				BUNDLE_LOADER = "$(TEST_HOST)";
				INFOPLIST_FILE = alamofireTests/Info.plist;
				LD_RUNPATH_SEARCH_PATHS = "$(inherited) @executable_path/Frameworks @loader_path/Frameworks";
				PRODUCT_BUNDLE_IDENTIFIER = ddd.alamofireTests;
				PRODUCT_NAME = "$(TARGET_NAME)";
				SWIFT_VERSION = 3.0;
				TEST_HOST = "$(BUILT_PRODUCTS_DIR)/alamofire.app/alamofire";
			};
			name = Release;
		};
		D32559191EF90A8F00BD6307 /* Debug */ = {
			isa = XCBuildConfiguration;
			buildSettings = {
				INFOPLIST_FILE = alamofireUITests/Info.plist;
				LD_RUNPATH_SEARCH_PATHS = "$(inherited) @executable_path/Frameworks @loader_path/Frameworks";
				PRODUCT_BUNDLE_IDENTIFIER = ddd.alamofireUITests;
				PRODUCT_NAME = "$(TARGET_NAME)";
				SWIFT_VERSION = 3.0;
				TEST_TARGET_NAME = alamofire;
			};
			name = Debug;
		};
		D325591A1EF90A8F00BD6307 /* Release */ = {
			isa = XCBuildConfiguration;
			buildSettings = {
				INFOPLIST_FILE = alamofireUITests/Info.plist;
				LD_RUNPATH_SEARCH_PATHS = "$(inherited) @executable_path/Frameworks @loader_path/Frameworks";
				PRODUCT_BUNDLE_IDENTIFIER = ddd.alamofireUITests;
				PRODUCT_NAME = "$(TARGET_NAME)";
				SWIFT_VERSION = 3.0;
				TEST_TARGET_NAME = alamofire;
			};
			name = Release;
		};
/* End XCBuildConfiguration section */

/* Begin XCConfigurationList section */
		D32558E51EF90A8F00BD6307 /* Build configuration list for PBXProject "alamofire" */ = {
			isa = XCConfigurationList;
			buildConfigurations = (
				D32559101EF90A8F00BD6307 /* Debug */,
				D32559111EF90A8F00BD6307 /* Release */,
			);
			defaultConfigurationIsVisible = 0;
			defaultConfigurationName = Release;
		};
		D32559121EF90A8F00BD6307 /* Build configuration list for PBXNativeTarget "alamofire" */ = {
			isa = XCConfigurationList;
			buildConfigurations = (
				D32559131EF90A8F00BD6307 /* Debug */,
				D32559141EF90A8F00BD6307 /* Release */,
			);
			defaultConfigurationIsVisible = 0;
			defaultConfigurationName = Release;
		};
		D32559151EF90A8F00BD6307 /* Build configuration list for PBXNativeTarget "alamofireTests" */ = {
			isa = XCConfigurationList;
			buildConfigurations = (
				D32559161EF90A8F00BD6307 /* Debug */,
				D32559171EF90A8F00BD6307 /* Release */,
			);
			defaultConfigurationIsVisible = 0;
			defaultConfigurationName = Release;
		};
		D32559181EF90A8F00BD6307 /* Build configuration list for PBXNativeTarget "alamofireUITests" */ = {
			isa = XCConfigurationList;
			buildConfigurations = (
				D32559191EF90A8F00BD6307 /* Debug */,
				D325591A1EF90A8F00BD6307 /* Release */,
			);
			defaultConfigurationIsVisible = 0;
			defaultConfigurationName = Release;
		};
/* End XCConfigurationList section */
	};
	rootObject = D32558E21EF90A8F00BD6307 /* Project object */;
}
